
Microsoft Visual Studio Solution File, Format Version 12.00
# Visual Studio Version 16
VisualStudioVersion = 16.0.30330.147
MinimumVisualStudioVersion = 10.0.40219.1
Project("{FAE04EC0-301F-11D3-BF4B-00C04F79EFBC}") = "JavaScript Course", "JavaScript Course.csproj", "{4734E4B3-56C7-40B0-A916-EA1B393EB7D7}"
EndProject
Global
	GlobalSection(SolutionConfigurationPlatforms) = preSolution
		Debug|Any CPU = Debug|Any CPU
		Release|Any CPU = Release|Any CPU
	EndGlobalSection
	GlobalSection(ProjectConfigurationPlatforms) = postSolution
		{4734E4B3-56C7-40B0-A916-EA1B393EB7D7}.Debug|Any CPU.ActiveCfg = Debug|Any CPU
		{4734E4B3-56C7-40B0-A916-EA1B393EB7D7}.Debug|Any CPU.Build.0 = Debug|Any CPU
		{4734E4B3-56C7-40B0-A916-EA1B393EB7D7}.Release|Any CPU.ActiveCfg = Release|Any CPU
		{4734E4B3-56C7-40B0-A916-EA1B393EB7D7}.Release|Any CPU.Build.0 = Release|Any CPU
	EndGlobalSection
	GlobalSection(SolutionProperties) = preSolution
		HideSolutionNode = FALSE
	EndGlobalSection
	GlobalSection(ExtensibilityGlobals) = postSolution
		SolutionGuid = {F38A6903-0254-4802-B2BE-822097DC5AA3}
	EndGlobalSection
EndGlobal
